
Microsoft Visual Studio Solution File, Format Version 12.00
# Visual Studio Version 17
VisualStudioVersion = 17.3.32811.315
MinimumVisualStudioVersion = 10.0.40219.1
Project("{FAE04EC0-301F-11D3-BF4B-00C04F79EFBC}") = "MethodExercise2", "MethodExercise2\MethodExercise2.csproj", "{731ABC12-3886-4A48-98CE-CA88BA86821A}"
EndProject
Global
	GlobalSection(SolutionConfigurationPlatforms) = preSolution
		Debug|Any CPU = Debug|Any CPU
		Release|Any CPU = Release|Any CPU
	EndGlobalSection
	GlobalSection(ProjectConfigurationPlatforms) = postSolution
		{731ABC12-3886-4A48-98CE-CA88BA86821A}.Debug|Any CPU.ActiveCfg = Debug|Any CPU
		{731ABC12-3886-4A48-98CE-CA88BA86821A}.Debug|Any CPU.Build.0 = Debug|Any CPU
		{731ABC12-3886-4A48-98CE-CA88BA86821A}.Release|Any CPU.ActiveCfg = Release|Any CPU
		{731ABC12-3886-4A48-98CE-CA88BA86821A}.Release|Any CPU.Build.0 = Release|Any CPU
	EndGlobalSection
	GlobalSection(SolutionProperties) = preSolution
		HideSolutionNode = FALSE
	EndGlobalSection
	GlobalSection(ExtensibilityGlobals) = postSolution
		SolutionGuid = {C20BB035-2833-4AEA-B43E-A2A5D0E8C879}
	EndGlobalSection
EndGlobal
